
Microsoft Visual Studio Solution File, Format Version 12.00
# Visual Studio Version 17
VisualStudioVersion = 17.9.34728.123
MinimumVisualStudioVersion = 10.0.40219.1
Project("{FAE04EC0-301F-11D3-BF4B-00C04F79EFBC}") = "social_network", "social_network\social_network.csproj", "{AEEF388D-7BA6-4208-94B7-44C8148C8E6A}"
EndProject
Global
	GlobalSection(SolutionConfigurationPlatforms) = preSolution
		Debug|Any CPU = Debug|Any CPU
		Release|Any CPU = Release|Any CPU
	EndGlobalSection
	GlobalSection(ProjectConfigurationPlatforms) = postSolution
		{AEEF388D-7BA6-4208-94B7-44C8148C8E6A}.Debug|Any CPU.ActiveCfg = Debug|Any CPU
		{AEEF388D-7BA6-4208-94B7-44C8148C8E6A}.Debug|Any CPU.Build.0 = Debug|Any CPU
		{AEEF388D-7BA6-4208-94B7-44C8148C8E6A}.Release|Any CPU.ActiveCfg = Release|Any CPU
		{AEEF388D-7BA6-4208-94B7-44C8148C8E6A}.Release|Any CPU.Build.0 = Release|Any CPU
	EndGlobalSection
	GlobalSection(SolutionProperties) = preSolution
		HideSolutionNode = FALSE
	EndGlobalSection
	GlobalSection(ExtensibilityGlobals) = postSolution
		SolutionGuid = {AD2B8613-3612-4B20-B8F2-E81CCCC59CE6}
	EndGlobalSection
EndGlobal
